PODS:
  - AppCenter/Analytics (5.0.2):
    - AppCenter/Core
  - AppCenter/Core (5.0.2)
  - AppCenter/Crashes (5.0.2):
    - AppCenter/Core
  - Differentiator (5.0.0)
  - GoogleMaps (4.2.0):
    - GoogleMaps/Maps (= 4.2.0)
  - GoogleMaps/Base (4.2.0)
  - GoogleMaps/Maps (4.2.0):
    - GoogleMaps/Base
  - GooglePlaces (4.2.0):
    - GoogleMaps/Base (= 4.2.0)
  - Hero (1.6.2)
  - IQKeyboardManagerSwift (6.5.11)
  - Kingfisher (6.3.1)
  - MKOtpView (1.0.0)
  - RPCircularProgress (0.5.0)
  - RxCocoa (6.5.0):
    - RxRelay (= 6.5.0)
    - RxSwift (= 6.5.0)
  - RxDataSources (5.0.0):
    - Differentiator (~> 5.0)
    - RxCocoa (~> 6.0)
    - RxSwift (~> 6.0)
  - RxRelay (6.5.0):
    - RxSwift (= 6.5.0)
  - RxSwift (6.5.0)
  - SemiModalViewController (1.0.1)
  - Shimmer (1.0.2)
  - SVPinView (1.0.11)
  - SwiftMessages (9.0.6):
    - SwiftMessages/App (= 9.0.6)
  - SwiftMessages/App (9.0.6)

DEPENDENCIES:
  - AppCenter/Analytics
  - AppCenter/Crashes
  - GoogleMaps
  - GooglePlaces
  - Hero
  - IQKeyboardManagerSwift
  - Kingfisher
  - MKOtpView
  - RPCircularProgress
  - RxCocoa
  - RxDataSources
  - RxSwift
  - SemiModalViewController
  - Shimmer
  - SVPinView (~> 1.0)
  - SwiftMessages

SPEC REPOS:
  trunk:
    - AppCenter
    - Differentiator
    - GoogleMaps
    - GooglePlaces
    - Hero
    - IQKeyboardManagerSwift
    - Kingfisher
    - MKOtpView
    - RPCircularProgress
    - RxCocoa
    - RxDataSources
    - RxRelay
    - RxSwift
    - SemiModalViewController
    - Shimmer
    - SVPinView
    - SwiftMessages

SPEC CHECKSUMS:
  AppCenter: 355ba776b273d30147c3ac385c558bec60a7d4b1
  Differentiator: e8497ceab83c1b10ca233716d547b9af21b9344d
  GoogleMaps: eb03e327edfd70b06de1e6e321653f73712df7ad
  GooglePlaces: 196a9dd88580dcb3f3df46f415057703d0d2a310
  Hero: c69009dbc9e2f0472e081adc644dba05fcedae72
  IQKeyboardManagerSwift: c7955c0bdbf7b2eb29bb7daaa44e3d90f55a9a85
  Kingfisher: 016c8b653a35add51dd34a3aba36b580041acc74
  MKOtpView: 0cf1fb592fb385cb7d385492c9614cdf6fa60563
  RPCircularProgress: 4499d4a1453dfbd3fe5bd8c6f344fd51cff3ad00
  RxCocoa: 94f817b71c07517321eb4f9ad299112ca8af743b
  RxDataSources: aa47cc1ed6c500fa0dfecac5c979b723542d79cf
  RxRelay: 1de1523e604c72b6c68feadedd1af3b1b4d0ecbd
  RxSwift: 5710a9e6b17f3c3d6e40d6e559b9fa1e813b2ef8
  SemiModalViewController: 13fe8b991b501c7cd6a9ec7c782ed7a5c72c12e6
  Shimmer: c5374be1c2b0c9e292fb05b339a513cf291cac86
  SVPinView: 9b538d0ba68cdb092afe4f0f67ec84cbed079466
  SwiftMessages: f0c7ef4705a570ad6c5e208b611f4333e660ed92

PODFILE CHECKSUM: 30ebfbd8f47167ef193ac7a38cc6d3bd702839c0

COCOAPODS: 1.13.0
